// !$*UTF8*$!
{
	archiveVersion = 1;
	classes = {
	};
	objectVersion = 46;
	objects = {

/* Begin PBXBuildFile section */
		B2716C741D2BF99700EE845C /* main.m in Sources */ = {isa = PBXBuildFile; fileRef = B2716C731D2BF99700EE845C /* main.m */; };
		B2716C771D2BF99700EE845C /* AppDelegate.m in Sources */ = {isa = PBXBuildFile; fileRef = B2716C761D2BF99700EE845C /* AppDelegate.m */; };
		B2716C7A1D2BF99700EE845C /* ViewController.m in Sources */ = {isa = PBXBuildFile; fileRef = B2716C791D2BF99700EE845C /* ViewController.m */; };
		B2716C7D1D2BF99700EE845C /* Main.storyboard in Resources */ = {isa = PBXBuildFile; fileRef = B2716C7B1D2BF99700EE845C /* Main.storyboard */; };
		B2716C7F1D2BF99700EE845C /* Assets.xcassets in Resources */ = {isa = PBXBuildFile; fileRef = B2716C7E1D2BF99700EE845C /* Assets.xcassets */; };
		B2716C821D2BF99700EE845C /* LaunchScreen.storyboard in Resources */ = {isa = PBXBuildFile; fileRef = B2716C801D2BF99700EE845C /* LaunchScreen.storyboard */; };
/* End PBXBuildFile section */

/* Begin PBXFileReference section */
		B2716C6F1D2BF99700EE845C /* Dictionary.app */ = {isa = PBXFileReference; explicitFileType = wrapper.application; includeInIndex = 0; path = Dictionary.app; sourceTree = BUILT_PRODUCTS_DIR; };
		B2716C731D2BF99700EE845C /* main.m */ = {isa = PBXFileReference; lastKnownFileType = sourcecode.c.objc; path = main.m; sourceTree = "<group>"; };
		B2716C751D2BF99700EE845C /* AppDelegate.h */ = {isa = PBXFileReference; lastKnownFileType = sourcecode.c.h; path = AppDelegate.h; sourceTree = "<group>"; };
		B2716C761D2BF99700EE845C /* AppDelegate.m */ = {isa = PBXFileReference; lastKnownFileType = sourcecode.c.objc; path = AppDelegate.m; sourceTree = "<group>"; };
		B2716C781D2BF99700EE845C /* ViewController.h */ = {isa = PBXFileReference; lastKnownFileType = sourcecode.c.h; path = ViewController.h; sourceTree = "<group>"; };
		B2716C791D2BF99700EE845C /* ViewController.m */ = {isa = PBXFileReference; lastKnownFileType = sourcecode.c.objc; path = ViewController.m; sourceTree = "<group>"; };
		B2716C7C1D2BF99700EE845C /* Base */ = {isa = PBXFileReference; lastKnownFileType = file.storyboard; name = Base; path = Base.lproj/Main.storyboard; sourceTree = "<group>"; };
		B2716C7E1D2BF99700EE845C /* Assets.xcassets */ = {isa = PBXFileReference; lastKnownFileType = folder.assetcatalog; path = Assets.xcassets; sourceTree = "<group>"; };
		B2716C811D2BF99700EE845C /* Base */ = {isa = PBXFileReference; lastKnownFileType = file.storyboard; name = Base; path = Base.lproj/LaunchScreen.storyboard; sourceTree = "<group>"; };
		B2716C831D2BF99700EE845C /* Info.plist */ = {isa = PBXFileReference; lastKnownFileType = text.plist.xml; path = Info.plist; sourceTree = "<group>"; };
/* End PBXFileReference section */

/* Begin PBXFrameworksBuildPhase section */
		B2716C6C1D2BF99700EE845C /* Frameworks */ = {
			isa = PBXFrameworksBuildPhase;
			buildActionMask = 2147483647;
			files = (
			);
			runOnlyForDeploymentPostprocessing = 0;
		};
/* End PBXFrameworksBuildPhase section */

/* Begin PBXGroup section */
		B2716C661D2BF99700EE845C = {
			isa = PBXGroup;
			children = (
				B2716C711D2BF99700EE845C /* Dictionary */,
				B2716C701D2BF99700EE845C /* Products */,
			);
			sourceTree = "<group>";
		};
		B2716C701D2BF99700EE845C /* Products */ = {
			isa = PBXGroup;
			children = (
				B2716C6F1D2BF99700EE845C /* Dictionary.app */,
			);
			name = Products;
			sourceTree = "<group>";
		};
		B2716C711D2BF99700EE845C /* Dictionary */ = {
			isa = PBXGroup;
			children = (
				B2716C751D2BF99700EE845C /* AppDelegate.h */,
				B2716C761D2BF99700EE845C /* AppDelegate.m */,
				B2716C781D2BF99700EE845C /* ViewController.h */,
				B2716C791D2BF99700EE845C /* ViewController.m */,
				B2716C7B1D2BF99700EE845C /* Main.storyboard */,
				B2716C7E1D2BF99700EE845C /* Assets.xcassets */,
				B2716C801D2BF99700EE845C /* LaunchScreen.storyboard */,
				B2716C831D2BF99700EE845C /* Info.plist */,
				B2716C721D2BF99700EE845C /* Supporting Files */,
			);
			path = Dictionary;
			sourceTree = "<group>";
		};
		B2716C721D2BF99700EE845C /* Supporting Files */ = {
			isa = PBXGroup;
			children = (
				B2716C731D2BF99700EE845C /* main.m */,
			);
			name = "Supporting Files";
			sourceTree = "<group>";
		};
/* End PBXGroup section */

/* Begin PBXNativeTarget section */
		B2716C6E1D2BF99700EE845C /* Dictionary */ = {
			isa = PBXNativeTarget;
			buildConfigurationList = B2716C861D2BF99700EE845C /* Build configuration list for PBXNativeTarget "Dictionary" */;
			buildPhases = (
				B2716C6B1D2BF99700EE845C /* Sources */,
				B2716C6C1D2BF99700EE845C /* Frameworks */,
				B2716C6D1D2BF99700EE845C /* Resources */,
			);
			buildRules = (
			);
			dependencies = (
			);
			name = Dictionary;
			productName = Dictionary;
			productReference = B2716C6F1D2BF99700EE845C /* Dictionary.app */;
			productType = "com.apple.product-type.application";
		};
/* End PBXNativeTarget section */

/* Begin PBXProject section */
		B2716C671D2BF99700EE845C /* Project object */ = {
			isa = PBXProject;
			attributes = {
				LastUpgradeCheck = 0730;
				ORGANIZATIONNAME = "Stanislav Kozhemyako";
				TargetAttributes = {
					B2716C6E1D2BF99700EE845C = {
						CreatedOnToolsVersion = 7.3;
						DevelopmentTeam = BZ7766E6Q6;
					};
				};
			};
			buildConfigurationList = B2716C6A1D2BF99700EE845C /* Build configuration list for PBXProject "Dictionary" */;
			compatibilityVersion = "Xcode 3.2";
			developmentRegion = English;
			hasScannedForEncodings = 0;
			knownRegions = (
				en,
				Base,
			);
			mainGroup = B2716C661D2BF99700EE845C;
			productRefGroup = B2716C701D2BF99700EE845C /* Products */;
			projectDirPath = "";
			projectRoot = "";
			targets = (
				B2716C6E1D2BF99700EE845C /* Dictionary */,
			);
		};
/* End PBXProject section */

/* Begin PBXResourcesBuildPhase section */
		B2716C6D1D2BF99700EE845C /* Resources */ = {
			isa = PBXResourcesBuildPhase;
			buildActionMask = 2147483647;
			files = (
				B2716C821D2BF99700EE845C /* LaunchScreen.storyboard in Resources */,
				B2716C7F1D2BF99700EE845C /* Assets.xcassets in Resources */,
				B2716C7D1D2BF99700EE845C /* Main.storyboard in Resources */,
			);
			runOnlyForDeploymentPostprocessing = 0;
		};
/* End PBXResourcesBuildPhase section */

/* Begin PBXSourcesBuildPhase section */
		B2716C6B1D2BF99700EE845C /* Sources */ = {
			isa = PBXSourcesBuildPhase;
			buildActionMask = 2147483647;
			files = (
				B2716C7A1D2BF99700EE845C /* ViewController.m in Sources */,
				B2716C771D2BF99700EE845C /* AppDelegate.m in Sources */,
				B2716C741D2BF99700EE845C /* main.m in Sources */,
			);
			runOnlyForDeploymentPostprocessing = 0;
		};
/* End PBXSourcesBuildPhase section */

/* Begin PBXVariantGroup section */
		B2716C7B1D2BF99700EE845C /* Main.storyboard */ = {
			isa = PBXVariantGroup;
			children = (
				B2716C7C1D2BF99700EE845C /* Base */,
			);
			name = Main.storyboard;
			sourceTree = "<group>";
		};
		B2716C801D2BF99700EE845C /* LaunchScreen.storyboard */ = {
			isa = PBXVariantGroup;
			children = (
				B2716C811D2BF99700EE845C /* Base */,
			);
			name = LaunchScreen.storyboard;
			sourceTree = "<group>";
		};
/* End PBXVariantGroup section */

/* Begin XCBuildConfiguration section */
		B2716C841D2BF99700EE845C /* Debug */ = {
			isa = XCBuildConfiguration;
			buildSettings = {
				ALWAYS_SEARCH_USER_PATHS = NO;
				CLANG_ANALYZER_NONNULL = YES;
				CLANG_CXX_LANGUAGE_STANDARD = "gnu++0x";
				CLANG_CXX_LIBRARY = "libc++";
				CLANG_ENABLE_MODULES = YES;
				CLANG_ENABLE_OBJC_ARC = YES;
				CLANG_WARN_BOOL_CONVERSION = YES;
				CLANG_WARN_CONSTANT_CONVERSION = YES;
				CLANG_WARN_DIRECT_OBJC_ISA_USAGE = YES_ERROR;
				CLANG_WARN_EMPTY_BODY = YES;
				CLANG_WARN_ENUM_CONVERSION = YES;
				CLANG_WARN_INT_CONVERSION = YES;
				CLANG_WARN_OBJC_ROOT_CLASS = YES_ERROR;
				CLANG_WARN_UNREACHABLE_CODE = YES;
				CLANG_WARN__DUPLICATE_METHOD_MATCH = YES;
				"CODE_SIGN_IDENTITY[sdk=iphoneos*]" = "iPhone Developer";
				COPY_PHASE_STRIP = NO;
				DEBUG_INFORMATION_FORMAT = dwarf;
				ENABLE_STRICT_OBJC_MSGSEND = YES;
				ENABLE_TESTABILITY = YES;
				GCC_C_LANGUAGE_STANDARD = gnu99;
				GCC_DYNAMIC_NO_PIC = NO;
				GCC_NO_COMMON_BLOCKS = YES;
				GCC_OPTIMIZATION_LEVEL = 0;
				GCC_PREPROCESSOR_DEFINITIONS = (
					"DEBUG=1",
					"$(inherited)",
				);
				GCC_WARN_64_TO_32_BIT_CONVERSION = YES;
				GCC_WARN_ABOUT_RETURN_TYPE = YES_ERROR;
				GCC_WARN_UNDECLARED_SELECTOR = YES;
				GCC_WARN_UNINITIALIZED_AUTOS = YES_AGGRESSIVE;
				GCC_WARN_UNUSED_FUNCTION = YES;
				GCC_WARN_UNUSED_VARIABLE = YES;
				IPHONEOS_DEPLOYMENT_TARGET = 9.3;
				MTL_ENABLE_DEBUG_INFO = YES;
				ONLY_ACTIVE_ARCH = YES;
				SDKROOT = iphoneos;
				TARGETED_DEVICE_FAMILY = "1,2";
			};
			name = Debug;
		};
		B2716C851D2BF99700EE845C /* Release */ = {
			isa = XCBuildConfiguration;
			buildSettings = {
				ALWAYS_SEARCH_USER_PATHS = NO;
				CLANG_ANALYZER_NONNULL = YES;
				CLANG_CXX_LANGUAGE_STANDARD = "gnu++0x";
				CLANG_CXX_LIBRARY = "libc++";
				CLANG_ENABLE_MODULES = YES;
				CLANG_ENABLE_OBJC_ARC = YES;
				CLANG_WARN_BOOL_CONVERSION = YES;
				CLANG_WARN_CONSTANT_CONVERSION = YES;
				CLANG_WARN_DIRECT_OBJC_ISA_USAGE = YES_ERROR;
				CLANG_WARN_EMPTY_BODY = YES;
				CLANG_WARN_ENUM_CONVERSION = YES;
				CLANG_WARN_INT_CONVERSION = YES;
				CLANG_WARN_OBJC_ROOT_CLASS = YES_ERROR;
				CLANG_WARN_UNREACHABLE_CODE = YES;
				CLANG_WARN__DUPLICATE_METHOD_MATCH = YES;
				"CODE_SIGN_IDENTITY[sdk=iphoneos*]" = "iPhone Developer";
				COPY_PHASE_STRIP = NO;
				DEBUG_INFORMATION_FORMAT = "dwarf-with-dsym";
				ENABLE_NS_ASSERTIONS = NO;
				ENABLE_STRICT_OBJC_MSGSEND = YES;
				GCC_C_LANGUAGE_STANDARD = gnu99;
				GCC_NO_COMMON_BLOCKS = YES;
				GCC_WARN_64_TO_32_BIT_CONVERSION = YES;
				GCC_WARN_ABOUT_RETURN_TYPE = YES_ERROR;
				GCC_WARN_UNDECLARED_SELECTOR = YES;
				GCC_WARN_UNINITIALIZED_AUTOS = YES_AGGRESSIVE;
				GCC_WARN_UNUSED_FUNCTION = YES;
				GCC_WARN_UNUSED_VARIABLE = YES;
				IPHONEOS_DEPLOYMENT_TARGET = 9.3;
				MTL_ENABLE_DEBUG_INFO = NO;
				SDKROOT = iphoneos;
				TARGETED_DEVICE_FAMILY = "1,2";
				VALIDATE_PRODUCT = YES;
			};
			name = Release;
		};
		B2716C871D2BF99700EE845C /* Debug */ = {
			isa = XCBuildConfiguration;
			buildSettings = {
				ASSETCATALOG_COMPILER_APPICON_NAME = AppIcon;
				INFOPLIST_FILE = Dictionary/Info.plist;
				LD_RUNPATH_SEARCH_PATHS = "$(inherited) @executable_path/Frameworks";
				PRODUCT_BUNDLE_IDENTIFIER = Stanislavkozhemyako.Dictionary;
				PRODUCT_NAME = "$(TARGET_NAME)";
			};
			name = Debug;
		};
		B2716C881D2BF99700EE845C /* Release */ = {
			isa = XCBuildConfiguration;
			buildSettings = {
				ASSETCATALOG_COMPILER_APPICON_NAME = AppIcon;
				INFOPLIST_FILE = Dictionary/Info.plist;
				LD_RUNPATH_SEARCH_PATHS = "$(inherited) @executable_path/Frameworks";
				PRODUCT_BUNDLE_IDENTIFIER = Stanislavkozhemyako.Dictionary;
				PRODUCT_NAME = "$(TARGET_NAME)";
			};
			name = Release;
		};
/* End XCBuildConfiguration section */

/* Begin XCConfigurationList section */
		B2716C6A1D2BF99700EE845C /* Build configuration list for PBXProject "Dictionary" */ = {
			isa = XCConfigurationList;
			buildConfigurations = (
				B2716C841D2BF99700EE845C /* Debug */,
				B2716C851D2BF99700EE845C /* Release */,
			);
			defaultConfigurationIsVisible = 0;
			defaultConfigurationName = Release;
		};
		B2716C861D2BF99700EE845C /* Build configuration list for PBXNativeTarget "Dictionary" */ = {
			isa = XCConfigurationList;
			buildConfigurations = (
				B2716C871D2BF99700EE845C /* Debug */,
				B2716C881D2BF99700EE845C /* Release */,
			);
			defaultConfigurationIsVisible = 0;
		};
/* End XCConfigurationList section */
	};
	rootObject = B2716C671D2BF99700EE845C /* Project object */;
}
